{
    "name": "screeps-arena-typescript-bun-starter",
    "lockfileVersion": 2,
    "requires": true,
    "packages": {
        "": {
            "name": "screeps-arena-typescript-bun-starter",
            "dependencies": {
                "ansi-styles": "^6.2.1",
                "lodash": "^4.17.21",
                "loglevel": "^1.9.2",
                "loglevel-plugin-prefix": "^0.8.4"
            },
            "devDependencies": {
                "@types/bun": "latest",
                "@types/lodash": "^4.17.13",
                "@types/screeps-arena": "screepers/typed-screeps-arena#season-beta",
                "prettier": "^3.6.2"
            },
            "peerDependencies": {
                "typescript": "^5.3.3"
            }
        },
        "node_modules/@types/bun": {
            "version": "1.2.18",
            "resolved": "https://registry.npmjs.org/@types/bun/-/bun-1.2.18.tgz",
            "integrity": "sha512-Xf6RaWVheyemaThV0kUfaAUvCNokFr+bH8Jxp+tTZfx7dAPA8z9ePnP9S9+Vspzuxxx9JRAXhnyccRj3GyCMdQ==",
            "dev": true,
            "dependencies": {
                "bun-types": "1.2.18"
            }
        },
        "node_modules/@types/lodash": {
            "version": "4.17.13",
            "dev": true,
            "license": "MIT"
        },
        "node_modules/@types/node": {
            "version": "24.0.10",
            "resolved": "https://registry.npmjs.org/@types/node/-/node-24.0.10.tgz",
            "integrity": "sha512-ENHwaH+JIRTDIEEbDK6QSQntAYGtbvdDXnMXnZaZ6k13Du1dPMmprkEHIL7ok2Wl2aZevetwTAb5S+7yIF+enA==",
            "dev": true,
            "dependencies": {
                "undici-types": "~7.8.0"
            }
        },
        "node_modules/@types/react": {
            "version": "19.1.8",
            "resolved": "https://registry.npmjs.org/@types/react/-/react-19.1.8.tgz",
            "integrity": "sha512-AwAfQ2Wa5bCx9WP8nZL2uMZWod7J7/JSplxbTmBQ5ms6QpqNYm672H0Vu9ZVKVngQ+ii4R/byguVEUZQyeg44g==",
            "dev": true,
            "peer": true,
            "dependencies": {
                "csstype": "^3.0.2"
            }
        },
        "node_modules/@types/screeps-arena": {
            "name": "typed-screeps-arena",
            "version": "0.0.1",
            "resolved": "git+ssh://git@github.com/screepers/typed-screeps-arena.git#2bd32a2beb3e40a9aa344f2512d86c604e5d0aa5",
            "dev": true,
            "license": "MIT"
        },
        "node_modules/ansi-styles": {
            "version": "6.2.1",
            "license": "MIT",
            "engines": {
                "node": ">=12"
            },
            "funding": {
                "url": "https://github.com/chalk/ansi-styles?sponsor=1"
            }
        },
        "node_modules/bun-types": {
            "version": "1.2.18",
            "resolved": "https://registry.npmjs.org/bun-types/-/bun-types-1.2.18.tgz",
            "integrity": "sha512-04+Eha5NP7Z0A9YgDAzMk5PHR16ZuLVa83b26kH5+cp1qZW4F6FmAURngE7INf4tKOvCE69vYvDEwoNl1tGiWw==",
            "dev": true,
            "dependencies": {
                "@types/node": "*"
            },
            "peerDependencies": {
                "@types/react": "^19"
            }
        },
        "node_modules/csstype": {
            "version": "3.1.3",
            "resolved": "https://registry.npmjs.org/csstype/-/csstype-3.1.3.tgz",
            "integrity": "sha512-M1uQkMl8rQK/szD0LNhtqxIPLpimGm8sOBwU7lLnCpSbTyY3yeU1Vc7l4KT5zT4s/yOxHH5O7tIuuLOCnLADRw==",
            "dev": true,
            "peer": true
        },
        "node_modules/lodash": {
            "version": "4.17.21",
            "license": "MIT"
        },
        "node_modules/loglevel": {
            "version": "1.9.2",
            "license": "MIT",
            "engines": {
                "node": ">= 0.6.0"
            },
            "funding": {
                "type": "tidelift",
                "url": "https://tidelift.com/funding/github/npm/loglevel"
            }
        },
        "node_modules/loglevel-plugin-prefix": {
            "version": "0.8.4",
            "license": "MIT"
        },
        "node_modules/prettier": {
            "version": "3.6.2",
            "resolved": "https://registry.npmjs.org/prettier/-/prettier-3.6.2.tgz",
            "integrity": "sha512-I7AIg5boAr5R0FFtJ6rCfD+LFsWHp81dolrFD8S79U9tb8Az2nGrJncnMSnys+bpQJfRUzqs9hnA81OAA3hCuQ==",
            "dev": true,
            "bin": {
                "prettier": "bin/prettier.cjs"
            },
            "engines": {
                "node": ">=14"
            },
            "funding": {
                "url": "https://github.com/prettier/prettier?sponsor=1"
            }
        },
        "node_modules/typescript": {
            "version": "5.3.3",
            "license": "Apache-2.0",
            "peer": true,
            "bin": {
                "tsc": "bin/tsc",
                "tsserver": "bin/tsserver"
            },
            "engines": {
                "node": ">=14.17"
            }
        },
        "node_modules/undici-types": {
            "version": "7.8.0",
            "resolved": "https://registry.npmjs.org/undici-types/-/undici-types-7.8.0.tgz",
            "integrity": "sha512-9UJ2xGDvQ43tYyVMpuHlsgApydB8ZKfVYTsLDhXkFL/6gfkp+U8xTGdh8pMJv1SpZna0zxG1DwsKZsreLbXBxw==",
            "dev": true
        }
    },
    "dependencies": {
        "@types/bun": {
            "version": "1.2.18",
            "resolved": "https://registry.npmjs.org/@types/bun/-/bun-1.2.18.tgz",
            "integrity": "sha512-Xf6RaWVheyemaThV0kUfaAUvCNokFr+bH8Jxp+tTZfx7dAPA8z9ePnP9S9+Vspzuxxx9JRAXhnyccRj3GyCMdQ==",
            "dev": true,
            "requires": {
                "bun-types": "1.2.18"
            }
        },
        "@types/lodash": {
            "version": "4.17.13",
            "dev": true
        },
        "@types/node": {
            "version": "24.0.10",
            "resolved": "https://registry.npmjs.org/@types/node/-/node-24.0.10.tgz",
            "integrity": "sha512-ENHwaH+JIRTDIEEbDK6QSQntAYGtbvdDXnMXnZaZ6k13Du1dPMmprkEHIL7ok2Wl2aZevetwTAb5S+7yIF+enA==",
            "dev": true,
            "requires": {
                "undici-types": "~7.8.0"
            }
        },
        "@types/react": {
            "version": "19.1.8",
            "resolved": "https://registry.npmjs.org/@types/react/-/react-19.1.8.tgz",
            "integrity": "sha512-AwAfQ2Wa5bCx9WP8nZL2uMZWod7J7/JSplxbTmBQ5ms6QpqNYm672H0Vu9ZVKVngQ+ii4R/byguVEUZQyeg44g==",
            "dev": true,
            "peer": true,
            "requires": {
                "csstype": "^3.0.2"
            }
        },
        "@types/screeps-arena": {
            "version": "git+ssh://git@github.com/screepers/typed-screeps-arena.git#2bd32a2beb3e40a9aa344f2512d86c604e5d0aa5",
            "dev": true,
            "from": "@types/screeps-arena@screepers/typed-screeps-arena#season-beta"
        },
        "ansi-styles": {
            "version": "6.2.1"
        },
        "bun-types": {
            "version": "1.2.18",
            "resolved": "https://registry.npmjs.org/bun-types/-/bun-types-1.2.18.tgz",
            "integrity": "sha512-04+Eha5NP7Z0A9YgDAzMk5PHR16ZuLVa83b26kH5+cp1qZW4F6FmAURngE7INf4tKOvCE69vYvDEwoNl1tGiWw==",
            "dev": true,
            "requires": {
                "@types/node": "*"
            }
        },
        "csstype": {
            "version": "3.1.3",
            "resolved": "https://registry.npmjs.org/csstype/-/csstype-3.1.3.tgz",
            "integrity": "sha512-M1uQkMl8rQK/szD0LNhtqxIPLpimGm8sOBwU7lLnCpSbTyY3yeU1Vc7l4KT5zT4s/yOxHH5O7tIuuLOCnLADRw==",
            "dev": true,
            "peer": true
        },
        "lodash": {
            "version": "4.17.21"
        },
        "loglevel": {
            "version": "1.9.2"
        },
        "loglevel-plugin-prefix": {
            "version": "0.8.4"
        },
        "prettier": {
            "version": "3.6.2",
            "resolved": "https://registry.npmjs.org/prettier/-/prettier-3.6.2.tgz",
            "integrity": "sha512-I7AIg5boAr5R0FFtJ6rCfD+LFsWHp81dolrFD8S79U9tb8Az2nGrJncnMSnys+bpQJfRUzqs9hnA81OAA3hCuQ==",
            "dev": true
        },
        "typescript": {
            "version": "5.3.3",
            "peer": true
        },
        "undici-types": {
            "version": "7.8.0",
            "resolved": "https://registry.npmjs.org/undici-types/-/undici-types-7.8.0.tgz",
            "integrity": "sha512-9UJ2xGDvQ43tYyVMpuHlsgApydB8ZKfVYTsLDhXkFL/6gfkp+U8xTGdh8pMJv1SpZna0zxG1DwsKZsreLbXBxw==",
            "dev": true
        }
    }
}
